
Microsoft Visual Studio Solution File, Format Version 12.00
# Visual Studio 15
VisualStudioVersion = 15.0.27428.2015
MinimumVisualStudioVersion = 10.0.40219.1
Project("{FAE04EC0-301F-11D3-BF4B-00C04F79EFBC}") = "Group", "Group\Group.csproj", "{CE389401-53D0-4E4E-9924-122B3D600C78}"
EndProject
Global
	GlobalSection(SolutionConfigurationPlatforms) = preSolution
		Debug|Any CPU = Debug|Any CPU
		Release|Any CPU = Release|Any CPU
	EndGlobalSection
	GlobalSection(ProjectConfigurationPlatforms) = postSolution
		{CE389401-53D0-4E4E-9924-122B3D600C78}.Debug|Any CPU.ActiveCfg = Debug|Any CPU
		{CE389401-53D0-4E4E-9924-122B3D600C78}.Debug|Any CPU.Build.0 = Debug|Any CPU
		{CE389401-53D0-4E4E-9924-122B3D600C78}.Release|Any CPU.ActiveCfg = Release|Any CPU
		{CE389401-53D0-4E4E-9924-122B3D600C78}.Release|Any CPU.Build.0 = Release|Any CPU
	EndGlobalSection
	GlobalSection(SolutionProperties) = preSolution
		HideSolutionNode = FALSE
	EndGlobalSection
	GlobalSection(ExtensibilityGlobals) = postSolution
		SolutionGuid = {629FF830-B5E5-4317-A16C-E3F69D7D89A9}
	EndGlobalSection
EndGlobal
